{
  "name": "@miloter/test-search",
  "version": "1.0.0",
  "lockfileVersion": 3,
  "requires": true,
  "packages": {
    "": {
      "name": "@miloter/test-search",
      "version": "1.0.0",
      "license": "MIT",
      "dependencies": {
        "@miloter/mini-scanner": "^1.0.0"
      },
      "engines": {
        "node": ">= 13.2.0"
      }
    },
    "node_modules/@miloter/mini-scanner": {
      "version": "1.0.0",
      "resolved": "https://registry.npmjs.org/@miloter/mini-scanner/-/mini-scanner-1.0.0.tgz",
      "integrity": "sha512-6d89YGPnJR72xeiucJ/O6Fj1+v9+chekAhqW0b6CKOmZWI6Oydkf8EXnM9sLOPJVsV2uyX5cWoCTRpZJqnD7sA==",
      "license": "MIT",
      "engines": {
        "node": ">= 13.2.0"
      }
    }
  }
}
